// !$*UTF8*$!
{
	archiveVersion = 1;
	classes = {
	};
	objectVersion = 46;
	objects = {

/* Begin PBXBuildFile section */
		93FFCF211F03D89200F8A94F /* AppDelegate.swift in Sources */ = {isa = PBXBuildFile; fileRef = 93FFCF201F03D89200F8A94F /* AppDelegate.swift */; };
		93FFCF231F03D89200F8A94F /* ViewController.swift in Sources */ = {isa = PBXBuildFile; fileRef = 93FFCF221F03D89200F8A94F /* ViewController.swift */; };
		93FFCF261F03D89200F8A94F /* Main.storyboard in Resources */ = {isa = PBXBuildFile; fileRef = 93FFCF241F03D89200F8A94F /* Main.storyboard */; };
		93FFCF281F03D89200F8A94F /* Assets.xcassets in Resources */ = {isa = PBXBuildFile; fileRef = 93FFCF271F03D89200F8A94F /* Assets.xcassets */; };
		93FFCF2B1F03D89200F8A94F /* LaunchScreen.storyboard in Resources */ = {isa = PBXBuildFile; fileRef = 93FFCF291F03D89200F8A94F /* LaunchScreen.storyboard */; };
		93FFCF351F04D75700F8A94F /* SoundFilesTableViewController.swift in Sources */ = {isa = PBXBuildFile; fileRef = 93FFCF341F04D75700F8A94F /* SoundFilesTableViewController.swift */; };
		93FFCF3A1F050D0100F8A94F /* PlayerManager.swift in Sources */ = {isa = PBXBuildFile; fileRef = 93FFCF391F050D0100F8A94F /* PlayerManager.swift */; };
		93FFCF3C1F053E7400F8A94F /* Item.swift in Sources */ = {isa = PBXBuildFile; fileRef = 93FFCF3B1F053E7300F8A94F /* Item.swift */; };
/* End PBXBuildFile section */

/* Begin PBXFileReference section */
		93FFCF1D1F03D89200F8A94F /* RecordNote.app */ = {isa = PBXFileReference; explicitFileType = wrapper.application; includeInIndex = 0; path = RecordNote.app; sourceTree = BUILT_PRODUCTS_DIR; };
		93FFCF201F03D89200F8A94F /* AppDelegate.swift */ = {isa = PBXFileReference; lastKnownFileType = sourcecode.swift; path = AppDelegate.swift; sourceTree = "<group>"; };
		93FFCF221F03D89200F8A94F /* ViewController.swift */ = {isa = PBXFileReference; lastKnownFileType = sourcecode.swift; path = ViewController.swift; sourceTree = "<group>"; };
		93FFCF251F03D89200F8A94F /* Base */ = {isa = PBXFileReference; lastKnownFileType = file.storyboard; name = Base; path = Base.lproj/Main.storyboard; sourceTree = "<group>"; };
		93FFCF271F03D89200F8A94F /* Assets.xcassets */ = {isa = PBXFileReference; lastKnownFileType = folder.assetcatalog; path = Assets.xcassets; sourceTree = "<group>"; };
		93FFCF2A1F03D89200F8A94F /* Base */ = {isa = PBXFileReference; lastKnownFileType = file.storyboard; name = Base; path = Base.lproj/LaunchScreen.storyboard; sourceTree = "<group>"; };
		93FFCF2C1F03D89200F8A94F /* Info.plist */ = {isa = PBXFileReference; lastKnownFileType = text.plist.xml; path = Info.plist; sourceTree = "<group>"; };
		93FFCF341F04D75700F8A94F /* SoundFilesTableViewController.swift */ = {isa = PBXFileReference; fileEncoding = 4; lastKnownFileType = sourcecode.swift; name = SoundFilesTableViewController.swift; path = ../SoundFilesTableViewController.swift; sourceTree = "<group>"; };
		93FFCF391F050D0100F8A94F /* PlayerManager.swift */ = {isa = PBXFileReference; fileEncoding = 4; lastKnownFileType = sourcecode.swift; path = PlayerManager.swift; sourceTree = "<group>"; };
		93FFCF3B1F053E7300F8A94F /* Item.swift */ = {isa = PBXFileReference; fileEncoding = 4; lastKnownFileType = sourcecode.swift; path = Item.swift; sourceTree = "<group>"; };
/* End PBXFileReference section */

/* Begin PBXFrameworksBuildPhase section */
		93FFCF1A1F03D89200F8A94F /* Frameworks */ = {
			isa = PBXFrameworksBuildPhase;
			buildActionMask = 2147483647;
			files = (
			);
			runOnlyForDeploymentPostprocessing = 0;
		};
/* End PBXFrameworksBuildPhase section */

/* Begin PBXGroup section */
		93FFCF141F03D89200F8A94F = {
			isa = PBXGroup;
			children = (
				93FFCF1F1F03D89200F8A94F /* RecordNote */,
				93FFCF1E1F03D89200F8A94F /* Products */,
			);
			sourceTree = "<group>";
		};
		93FFCF1E1F03D89200F8A94F /* Products */ = {
			isa = PBXGroup;
			children = (
				93FFCF1D1F03D89200F8A94F /* RecordNote.app */,
			);
			name = Products;
			sourceTree = "<group>";
		};
		93FFCF1F1F03D89200F8A94F /* RecordNote */ = {
			isa = PBXGroup;
			children = (
				93FFCF201F03D89200F8A94F /* AppDelegate.swift */,
				93FFCF221F03D89200F8A94F /* ViewController.swift */,
				93FFCF391F050D0100F8A94F /* PlayerManager.swift */,
				93FFCF341F04D75700F8A94F /* SoundFilesTableViewController.swift */,
				93FFCF241F03D89200F8A94F /* Main.storyboard */,
				93FFCF271F03D89200F8A94F /* Assets.xcassets */,
				93FFCF291F03D89200F8A94F /* LaunchScreen.storyboard */,
				93FFCF2C1F03D89200F8A94F /* Info.plist */,
				93FFCF3B1F053E7300F8A94F /* Item.swift */,
			);
			path = RecordNote;
			sourceTree = "<group>";
		};
/* End PBXGroup section */

/* Begin PBXNativeTarget section */
		93FFCF1C1F03D89200F8A94F /* RecordNote */ = {
			isa = PBXNativeTarget;
			buildConfigurationList = 93FFCF2F1F03D89200F8A94F /* Build configuration list for PBXNativeTarget "RecordNote" */;
			buildPhases = (
				93FFCF191F03D89200F8A94F /* Sources */,
				93FFCF1A1F03D89200F8A94F /* Frameworks */,
				93FFCF1B1F03D89200F8A94F /* Resources */,
			);
			buildRules = (
			);
			dependencies = (
			);
			name = RecordNote;
			productName = RecordNote;
			productReference = 93FFCF1D1F03D89200F8A94F /* RecordNote.app */;
			productType = "com.apple.product-type.application";
		};
/* End PBXNativeTarget section */

/* Begin PBXProject section */
		93FFCF151F03D89200F8A94F /* Project object */ = {
			isa = PBXProject;
			attributes = {
				LastSwiftUpdateCheck = 0820;
				LastUpgradeCheck = 0820;
				ORGANIZATIONNAME = aaron.zheng;
				TargetAttributes = {
					93FFCF1C1F03D89200F8A94F = {
						CreatedOnToolsVersion = 8.2.1;
						DevelopmentTeam = K6Y8Z37D85;
						ProvisioningStyle = Automatic;
					};
				};
			};
			buildConfigurationList = 93FFCF181F03D89200F8A94F /* Build configuration list for PBXProject "RecordNote" */;
			compatibilityVersion = "Xcode 3.2";
			developmentRegion = English;
			hasScannedForEncodings = 0;
			knownRegions = (
				en,
				Base,
			);
			mainGroup = 93FFCF141F03D89200F8A94F;
			productRefGroup = 93FFCF1E1F03D89200F8A94F /* Products */;
			projectDirPath = "";
			projectRoot = "";
			targets = (
				93FFCF1C1F03D89200F8A94F /* RecordNote */,
			);
		};
/* End PBXProject section */

/* Begin PBXResourcesBuildPhase section */
		93FFCF1B1F03D89200F8A94F /* Resources */ = {
			isa = PBXResourcesBuildPhase;
			buildActionMask = 2147483647;
			files = (
				93FFCF2B1F03D89200F8A94F /* LaunchScreen.storyboard in Resources */,
				93FFCF281F03D89200F8A94F /* Assets.xcassets in Resources */,
				93FFCF261F03D89200F8A94F /* Main.storyboard in Resources */,
			);
			runOnlyForDeploymentPostprocessing = 0;
		};
/* End PBXResourcesBuildPhase section */

/* Begin PBXSourcesBuildPhase section */
		93FFCF191F03D89200F8A94F /* Sources */ = {
			isa = PBXSourcesBuildPhase;
			buildActionMask = 2147483647;
			files = (
				93FFCF3C1F053E7400F8A94F /* Item.swift in Sources */,
				93FFCF231F03D89200F8A94F /* ViewController.swift in Sources */,
				93FFCF211F03D89200F8A94F /* AppDelegate.swift in Sources */,
				93FFCF3A1F050D0100F8A94F /* PlayerManager.swift in Sources */,
				93FFCF351F04D75700F8A94F /* SoundFilesTableViewController.swift in Sources */,
			);
			runOnlyForDeploymentPostprocessing = 0;
		};
/* End PBXSourcesBuildPhase section */

/* Begin PBXVariantGroup section */
		93FFCF241F03D89200F8A94F /* Main.storyboard */ = {
			isa = PBXVariantGroup;
			children = (
				93FFCF251F03D89200F8A94F /* Base */,
			);
			name = Main.storyboard;
			sourceTree = "<group>";
		};
		93FFCF291F03D89200F8A94F /* LaunchScreen.storyboard */ = {
			isa = PBXVariantGroup;
			children = (
				93FFCF2A1F03D89200F8A94F /* Base */,
			);
			name = LaunchScreen.storyboard;
			sourceTree = "<group>";
		};
/* End PBXVariantGroup section */

/* Begin XCBuildConfiguration section */
		93FFCF2D1F03D89200F8A94F /* Debug */ = {
			isa = XCBuildConfiguration;
			buildSettings = {
				ALWAYS_SEARCH_USER_PATHS = NO;
				CLANG_ANALYZER_NONNULL = YES;
				CLANG_CXX_LANGUAGE_STANDARD = "gnu++0x";
				CLANG_CXX_LIBRARY = "libc++";
				CLANG_ENABLE_MODULES = YES;
				CLANG_ENABLE_OBJC_ARC = YES;
				CLANG_WARN_BOOL_CONVERSION = YES;
				CLANG_WARN_CONSTANT_CONVERSION = YES;
				CLANG_WARN_DIRECT_OBJC_ISA_USAGE = YES_ERROR;
				CLANG_WARN_DOCUMENTATION_COMMENTS = YES;
				CLANG_WARN_EMPTY_BODY = YES;
				CLANG_WARN_ENUM_CONVERSION = YES;
				CLANG_WARN_INFINITE_RECURSION = YES;
				CLANG_WARN_INT_CONVERSION = YES;
				CLANG_WARN_OBJC_ROOT_CLASS = YES_ERROR;
				CLANG_WARN_SUSPICIOUS_MOVE = YES;
				CLANG_WARN_UNREACHABLE_CODE = YES;
				CLANG_WARN__DUPLICATE_METHOD_MATCH = YES;
				"CODE_SIGN_IDENTITY[sdk=iphoneos*]" = "iPhone Developer";
				COPY_PHASE_STRIP = NO;
				DEBUG_ACTIVITY_MODE = "";
				DEBUG_INFORMATION_FORMAT = dwarf;
				ENABLE_STRICT_OBJC_MSGSEND = YES;
				ENABLE_TESTABILITY = YES;
				GCC_C_LANGUAGE_STANDARD = gnu99;
				GCC_DYNAMIC_NO_PIC = NO;
				GCC_NO_COMMON_BLOCKS = YES;
				GCC_OPTIMIZATION_LEVEL = 0;
				GCC_PREPROCESSOR_DEFINITIONS = (
					"DEBUG=1",
					"$(inherited)",
				);
				GCC_WARN_64_TO_32_BIT_CONVERSION = YES;
				GCC_WARN_ABOUT_RETURN_TYPE = YES_ERROR;
				GCC_WARN_UNDECLARED_SELECTOR = YES;
				GCC_WARN_UNINITIALIZED_AUTOS = YES_AGGRESSIVE;
				GCC_WARN_UNUSED_FUNCTION = YES;
				GCC_WARN_UNUSED_VARIABLE = YES;
				IPHONEOS_DEPLOYMENT_TARGET = 10.2;
				MTL_ENABLE_DEBUG_INFO = "";
				"MTL_ENABLE_DEBUG_INFO[sdk=iphonesimulator*]" = NO;
				ONLY_ACTIVE_ARCH = YES;
				SDKROOT = iphoneos;
				SWIFT_ACTIVE_COMPILATION_CONDITIONS = DEBUG;
				SWIFT_OPTIMIZATION_LEVEL = "-Onone";
			};
			name = Debug;
		};
		93FFCF2E1F03D89200F8A94F /* Release */ = {
			isa = XCBuildConfiguration;
			buildSettings = {
				ALWAYS_SEARCH_USER_PATHS = NO;
				CLANG_ANALYZER_NONNULL = YES;
				CLANG_CXX_LANGUAGE_STANDARD = "gnu++0x";
				CLANG_CXX_LIBRARY = "libc++";
				CLANG_ENABLE_MODULES = YES;
				CLANG_ENABLE_OBJC_ARC = YES;
				CLANG_WARN_BOOL_CONVERSION = YES;
				CLANG_WARN_CONSTANT_CONVERSION = YES;
				CLANG_WARN_DIRECT_OBJC_ISA_USAGE = YES_ERROR;
				CLANG_WARN_DOCUMENTATION_COMMENTS = YES;
				CLANG_WARN_EMPTY_BODY = YES;
				CLANG_WARN_ENUM_CONVERSION = YES;
				CLANG_WARN_INFINITE_RECURSION = YES;
				CLANG_WARN_INT_CONVERSION = YES;
				CLANG_WARN_OBJC_ROOT_CLASS = YES_ERROR;
				CLANG_WARN_SUSPICIOUS_MOVE = YES;
				CLANG_WARN_UNREACHABLE_CODE = YES;
				CLANG_WARN__DUPLICATE_METHOD_MATCH = YES;
				"CODE_SIGN_IDENTITY[sdk=iphoneos*]" = "iPhone Developer";
				COPY_PHASE_STRIP = NO;
				DEBUG_ACTIVITY_MODE = "";
				DEBUG_INFORMATION_FORMAT = "dwarf-with-dsym";
				ENABLE_NS_ASSERTIONS = NO;
				ENABLE_STRICT_OBJC_MSGSEND = YES;
				GCC_C_LANGUAGE_STANDARD = gnu99;
				GCC_NO_COMMON_BLOCKS = YES;
				GCC_WARN_64_TO_32_BIT_CONVERSION = YES;
				GCC_WARN_ABOUT_RETURN_TYPE = YES_ERROR;
				GCC_WARN_UNDECLARED_SELECTOR = YES;
				GCC_WARN_UNINITIALIZED_AUTOS = YES_AGGRESSIVE;
				GCC_WARN_UNUSED_FUNCTION = YES;
				GCC_WARN_UNUSED_VARIABLE = YES;
				IPHONEOS_DEPLOYMENT_TARGET = 10.2;
				MTL_ENABLE_DEBUG_INFO = NO;
				SDKROOT = iphoneos;
				SWIFT_OPTIMIZATION_LEVEL = "-Owholemodule";
				VALIDATE_PRODUCT = YES;
			};
			name = Release;
		};
		93FFCF301F03D89200F8A94F /* Debug */ = {
			isa = XCBuildConfiguration;
			buildSettings = {
				ASSETCATALOG_COMPILER_APPICON_NAME = AppIcon;
				DEVELOPMENT_TEAM = K6Y8Z37D85;
				INFOPLIST_FILE = RecordNote/Info.plist;
				LD_RUNPATH_SEARCH_PATHS = "$(inherited) @executable_path/Frameworks";
				PRODUCT_BUNDLE_IDENTIFIER = com.aaron.RecordNote;
				PRODUCT_NAME = "$(TARGET_NAME)";
				SWIFT_VERSION = 3.0;
			};
			name = Debug;
		};
		93FFCF311F03D89200F8A94F /* Release */ = {
			isa = XCBuildConfiguration;
			buildSettings = {
				ASSETCATALOG_COMPILER_APPICON_NAME = AppIcon;
				DEVELOPMENT_TEAM = K6Y8Z37D85;
				INFOPLIST_FILE = RecordNote/Info.plist;
				LD_RUNPATH_SEARCH_PATHS = "$(inherited) @executable_path/Frameworks";
				PRODUCT_BUNDLE_IDENTIFIER = com.aaron.RecordNote;
				PRODUCT_NAME = "$(TARGET_NAME)";
				SWIFT_VERSION = 3.0;
			};
			name = Release;
		};
/* End XCBuildConfiguration section */

/* Begin XCConfigurationList section */
		93FFCF181F03D89200F8A94F /* Build configuration list for PBXProject "RecordNote" */ = {
			isa = XCConfigurationList;
			buildConfigurations = (
				93FFCF2D1F03D89200F8A94F /* Debug */,
				93FFCF2E1F03D89200F8A94F /* Release */,
			);
			defaultConfigurationIsVisible = 0;
			defaultConfigurationName = Release;
		};
		93FFCF2F1F03D89200F8A94F /* Build configuration list for PBXNativeTarget "RecordNote" */ = {
			isa = XCConfigurationList;
			buildConfigurations = (
				93FFCF301F03D89200F8A94F /* Debug */,
				93FFCF311F03D89200F8A94F /* Release */,
			);
			defaultConfigurationIsVisible = 0;
		};
/* End XCConfigurationList section */
	};
	rootObject = 93FFCF151F03D89200F8A94F /* Project object */;
}
